// !$*UTF8*$!
{
	archiveVersion = 1;
	classes = {
	};
	objectVersion = 46;
	objects = {

/* Begin PBXBuildFile section */
		3EAF98721E52618500FA840A /* AppDelegate.swift in Sources */ = {isa = PBXBuildFile; fileRef = 3EAF98711E52618500FA840A /* AppDelegate.swift */; };
		3EAF98741E52618500FA840A /* ViewController.swift in Sources */ = {isa = PBXBuildFile; fileRef = 3EAF98731E52618500FA840A /* ViewController.swift */; };
		3EAF98771E52618500FA840A /* Main.storyboard in Resources */ = {isa = PBXBuildFile; fileRef = 3EAF98751E52618500FA840A /* Main.storyboard */; };
		3EAF98791E52618500FA840A /* Assets.xcassets in Resources */ = {isa = PBXBuildFile; fileRef = 3EAF98781E52618500FA840A /* Assets.xcassets */; };
		3EAF987C1E52618500FA840A /* LaunchScreen.storyboard in Resources */ = {isa = PBXBuildFile; fileRef = 3EAF987A1E52618500FA840A /* LaunchScreen.storyboard */; };
/* End PBXBuildFile section */

/* Begin PBXFileReference section */
		3EAF986E1E52618500FA840A /* SwitchProject.app */ = {isa = PBXFileReference; explicitFileType = wrapper.application; includeInIndex = 0; path = SwitchProject.app; sourceTree = BUILT_PRODUCTS_DIR; };
		3EAF98711E52618500FA840A /* AppDelegate.swift */ = {isa = PBXFileReference; lastKnownFileType = sourcecode.swift; path = AppDelegate.swift; sourceTree = "<group>"; };
		3EAF98731E52618500FA840A /* ViewController.swift */ = {isa = PBXFileReference; lastKnownFileType = sourcecode.swift; path = ViewController.swift; sourceTree = "<group>"; };
		3EAF98761E52618500FA840A /* Base */ = {isa = PBXFileReference; lastKnownFileType = file.storyboard; name = Base; path = Base.lproj/Main.storyboard; sourceTree = "<group>"; };
		3EAF98781E52618500FA840A /* Assets.xcassets */ = {isa = PBXFileReference; lastKnownFileType = folder.assetcatalog; path = Assets.xcassets; sourceTree = "<group>"; };
		3EAF987B1E52618500FA840A /* Base */ = {isa = PBXFileReference; lastKnownFileType = file.storyboard; name = Base; path = Base.lproj/LaunchScreen.storyboard; sourceTree = "<group>"; };
		3EAF987D1E52618500FA840A /* Info.plist */ = {isa = PBXFileReference; lastKnownFileType = text.plist.xml; path = Info.plist; sourceTree = "<group>"; };
/* End PBXFileReference section */

/* Begin PBXFrameworksBuildPhase section */
		3EAF986B1E52618500FA840A /* Frameworks */ = {
			isa = PBXFrameworksBuildPhase;
			buildActionMask = 2147483647;
			files = (
			);
			runOnlyForDeploymentPostprocessing = 0;
		};
/* End PBXFrameworksBuildPhase section */

/* Begin PBXGroup section */
		3EAF98651E52618500FA840A = {
			isa = PBXGroup;
			children = (
				3EAF98701E52618500FA840A /* SwitchProject */,
				3EAF986F1E52618500FA840A /* Products */,
			);
			sourceTree = "<group>";
		};
		3EAF986F1E52618500FA840A /* Products */ = {
			isa = PBXGroup;
			children = (
				3EAF986E1E52618500FA840A /* SwitchProject.app */,
			);
			name = Products;
			sourceTree = "<group>";
		};
		3EAF98701E52618500FA840A /* SwitchProject */ = {
			isa = PBXGroup;
			children = (
				3EAF98711E52618500FA840A /* AppDelegate.swift */,
				3EAF98731E52618500FA840A /* ViewController.swift */,
				3EAF98751E52618500FA840A /* Main.storyboard */,
				3EAF98781E52618500FA840A /* Assets.xcassets */,
				3EAF987A1E52618500FA840A /* LaunchScreen.storyboard */,
				3EAF987D1E52618500FA840A /* Info.plist */,
			);
			path = SwitchProject;
			sourceTree = "<group>";
		};
/* End PBXGroup section */

/* Begin PBXNativeTarget section */
		3EAF986D1E52618500FA840A /* SwitchProject */ = {
			isa = PBXNativeTarget;
			buildConfigurationList = 3EAF98801E52618500FA840A /* Build configuration list for PBXNativeTarget "SwitchProject" */;
			buildPhases = (
				3EAF986A1E52618500FA840A /* Sources */,
				3EAF986B1E52618500FA840A /* Frameworks */,
				3EAF986C1E52618500FA840A /* Resources */,
			);
			buildRules = (
			);
			dependencies = (
			);
			name = SwitchProject;
			productName = SwitchProject;
			productReference = 3EAF986E1E52618500FA840A /* SwitchProject.app */;
			productType = "com.apple.product-type.application";
		};
/* End PBXNativeTarget section */

/* Begin PBXProject section */
		3EAF98661E52618500FA840A /* Project object */ = {
			isa = PBXProject;
			attributes = {
				LastSwiftUpdateCheck = 0820;
				LastUpgradeCheck = 0820;
				ORGANIZATIONNAME = Gallaugher;
				TargetAttributes = {
					3EAF986D1E52618500FA840A = {
						CreatedOnToolsVersion = 8.2;
						DevelopmentTeam = 9937BJYLPH;
						ProvisioningStyle = Automatic;
					};
				};
			};
			buildConfigurationList = 3EAF98691E52618500FA840A /* Build configuration list for PBXProject "SwitchProject" */;
			compatibilityVersion = "Xcode 3.2";
			developmentRegion = English;
			hasScannedForEncodings = 0;
			knownRegions = (
				en,
				Base,
			);
			mainGroup = 3EAF98651E52618500FA840A;
			productRefGroup = 3EAF986F1E52618500FA840A /* Products */;
			projectDirPath = "";
			projectRoot = "";
			targets = (
				3EAF986D1E52618500FA840A /* SwitchProject */,
			);
		};
/* End PBXProject section */

/* Begin PBXResourcesBuildPhase section */
		3EAF986C1E52618500FA840A /* Resources */ = {
			isa = PBXResourcesBuildPhase;
			buildActionMask = 2147483647;
			files = (
				3EAF987C1E52618500FA840A /* LaunchScreen.storyboard in Resources */,
				3EAF98791E52618500FA840A /* Assets.xcassets in Resources */,
				3EAF98771E52618500FA840A /* Main.storyboard in Resources */,
			);
			runOnlyForDeploymentPostprocessing = 0;
		};
/* End PBXResourcesBuildPhase section */

/* Begin PBXSourcesBuildPhase section */
		3EAF986A1E52618500FA840A /* Sources */ = {
			isa = PBXSourcesBuildPhase;
			buildActionMask = 2147483647;
			files = (
				3EAF98741E52618500FA840A /* ViewController.swift in Sources */,
				3EAF98721E52618500FA840A /* AppDelegate.swift in Sources */,
			);
			runOnlyForDeploymentPostprocessing = 0;
		};
/* End PBXSourcesBuildPhase section */

/* Begin PBXVariantGroup section */
		3EAF98751E52618500FA840A /* Main.storyboard */ = {
			isa = PBXVariantGroup;
			children = (
				3EAF98761E52618500FA840A /* Base */,
			);
			name = Main.storyboard;
			sourceTree = "<group>";
		};
		3EAF987A1E52618500FA840A /* LaunchScreen.storyboard */ = {
			isa = PBXVariantGroup;
			children = (
				3EAF987B1E52618500FA840A /* Base */,
			);
			name = LaunchScreen.storyboard;
			sourceTree = "<group>";
		};
/* End PBXVariantGroup section */

/* Begin XCBuildConfiguration section */
		3EAF987E1E52618500FA840A /* Debug */ = {
			isa = XCBuildConfiguration;
			buildSettings = {
				ALWAYS_SEARCH_USER_PATHS = NO;
				CLANG_ANALYZER_NONNULL = YES;
				CLANG_CXX_LANGUAGE_STANDARD = "gnu++0x";
				CLANG_CXX_LIBRARY = "libc++";
				CLANG_ENABLE_MODULES = YES;
				CLANG_ENABLE_OBJC_ARC = YES;
				CLANG_WARN_BOOL_CONVERSION = YES;
				CLANG_WARN_CONSTANT_CONVERSION = YES;
				CLANG_WARN_DIRECT_OBJC_ISA_USAGE = YES_ERROR;
				CLANG_WARN_DOCUMENTATION_COMMENTS = YES;
				CLANG_WARN_EMPTY_BODY = YES;
				CLANG_WARN_ENUM_CONVERSION = YES;
				CLANG_WARN_INFINITE_RECURSION = YES;
				CLANG_WARN_INT_CONVERSION = YES;
				CLANG_WARN_OBJC_ROOT_CLASS = YES_ERROR;
				CLANG_WARN_SUSPICIOUS_MOVE = YES;
				CLANG_WARN_UNREACHABLE_CODE = YES;
				CLANG_WARN__DUPLICATE_METHOD_MATCH = YES;
				"CODE_SIGN_IDENTITY[sdk=iphoneos*]" = "iPhone Developer";
				COPY_PHASE_STRIP = NO;
				DEBUG_INFORMATION_FORMAT = dwarf;
				ENABLE_STRICT_OBJC_MSGSEND = YES;
				ENABLE_TESTABILITY = YES;
				GCC_C_LANGUAGE_STANDARD = gnu99;
				GCC_DYNAMIC_NO_PIC = NO;
				GCC_NO_COMMON_BLOCKS = YES;
				GCC_OPTIMIZATION_LEVEL = 0;
				GCC_PREPROCESSOR_DEFINITIONS = (
					"DEBUG=1",
					"$(inherited)",
				);
				GCC_WARN_64_TO_32_BIT_CONVERSION = YES;
				GCC_WARN_ABOUT_RETURN_TYPE = YES_ERROR;
				GCC_WARN_UNDECLARED_SELECTOR = YES;
				GCC_WARN_UNINITIALIZED_AUTOS = YES_AGGRESSIVE;
				GCC_WARN_UNUSED_FUNCTION = YES;
				GCC_WARN_UNUSED_VARIABLE = YES;
				IPHONEOS_DEPLOYMENT_TARGET = 10.2;
				MTL_ENABLE_DEBUG_INFO = YES;
				ONLY_ACTIVE_ARCH = YES;
				SDKROOT = iphoneos;
				SWIFT_ACTIVE_COMPILATION_CONDITIONS = DEBUG;
				SWIFT_OPTIMIZATION_LEVEL = "-Onone";
				TARGETED_DEVICE_FAMILY = "1,2";
			};
			name = Debug;
		};
		3EAF987F1E52618500FA840A /* Release */ = {
			isa = XCBuildConfiguration;
			buildSettings = {
				ALWAYS_SEARCH_USER_PATHS = NO;
				CLANG_ANALYZER_NONNULL = YES;
				CLANG_CXX_LANGUAGE_STANDARD = "gnu++0x";
				CLANG_CXX_LIBRARY = "libc++";
				CLANG_ENABLE_MODULES = YES;
				CLANG_ENABLE_OBJC_ARC = YES;
				CLANG_WARN_BOOL_CONVERSION = YES;
				CLANG_WARN_CONSTANT_CONVERSION = YES;
				CLANG_WARN_DIRECT_OBJC_ISA_USAGE = YES_ERROR;
				CLANG_WARN_DOCUMENTATION_COMMENTS = YES;
				CLANG_WARN_EMPTY_BODY = YES;
				CLANG_WARN_ENUM_CONVERSION = YES;
				CLANG_WARN_INFINITE_RECURSION = YES;
				CLANG_WARN_INT_CONVERSION = YES;
				CLANG_WARN_OBJC_ROOT_CLASS = YES_ERROR;
				CLANG_WARN_SUSPICIOUS_MOVE = YES;
				CLANG_WARN_UNREACHABLE_CODE = YES;
				CLANG_WARN__DUPLICATE_METHOD_MATCH = YES;
				"CODE_SIGN_IDENTITY[sdk=iphoneos*]" = "iPhone Developer";
				COPY_PHASE_STRIP = NO;
				DEBUG_INFORMATION_FORMAT = "dwarf-with-dsym";
				ENABLE_NS_ASSERTIONS = NO;
				ENABLE_STRICT_OBJC_MSGSEND = YES;
				GCC_C_LANGUAGE_STANDARD = gnu99;
				GCC_NO_COMMON_BLOCKS = YES;
				GCC_WARN_64_TO_32_BIT_CONVERSION = YES;
				GCC_WARN_ABOUT_RETURN_TYPE = YES_ERROR;
				GCC_WARN_UNDECLARED_SELECTOR = YES;
				GCC_WARN_UNINITIALIZED_AUTOS = YES_AGGRESSIVE;
				GCC_WARN_UNUSED_FUNCTION = YES;
				GCC_WARN_UNUSED_VARIABLE = YES;
				IPHONEOS_DEPLOYMENT_TARGET = 10.2;
				MTL_ENABLE_DEBUG_INFO = NO;
				SDKROOT = iphoneos;
				SWIFT_OPTIMIZATION_LEVEL = "-Owholemodule";
				TARGETED_DEVICE_FAMILY = "1,2";
				VALIDATE_PRODUCT = YES;
			};
			name = Release;
		};
		3EAF98811E52618500FA840A /* Debug */ = {
			isa = XCBuildConfiguration;
			buildSettings = {
				ASSETCATALOG_COMPILER_APPICON_NAME = AppIcon;
				DEVELOPMENT_TEAM = 9937BJYLPH;
				INFOPLIST_FILE = SwitchProject/Info.plist;
				LD_RUNPATH_SEARCH_PATHS = "$(inherited) @executable_path/Frameworks";
				PRODUCT_BUNDLE_IDENTIFIER = com.gallaugher.SwitchProject;
				PRODUCT_NAME = "$(TARGET_NAME)";
				SWIFT_VERSION = 3.0;
			};
			name = Debug;
		};
		3EAF98821E52618500FA840A /* Release */ = {
			isa = XCBuildConfiguration;
			buildSettings = {
				ASSETCATALOG_COMPILER_APPICON_NAME = AppIcon;
				DEVELOPMENT_TEAM = 9937BJYLPH;
				INFOPLIST_FILE = SwitchProject/Info.plist;
				LD_RUNPATH_SEARCH_PATHS = "$(inherited) @executable_path/Frameworks";
				PRODUCT_BUNDLE_IDENTIFIER = com.gallaugher.SwitchProject;
				PRODUCT_NAME = "$(TARGET_NAME)";
				SWIFT_VERSION = 3.0;
			};
			name = Release;
		};
/* End XCBuildConfiguration section */

/* Begin XCConfigurationList section */
		3EAF98691E52618500FA840A /* Build configuration list for PBXProject "SwitchProject" */ = {
			isa = XCConfigurationList;
			buildConfigurations = (
				3EAF987E1E52618500FA840A /* Debug */,
				3EAF987F1E52618500FA840A /* Release */,
			);
			defaultConfigurationIsVisible = 0;
			defaultConfigurationName = Release;
		};
		3EAF98801E52618500FA840A /* Build configuration list for PBXNativeTarget "SwitchProject" */ = {
			isa = XCConfigurationList;
			buildConfigurations = (
				3EAF98811E52618500FA840A /* Debug */,
				3EAF98821E52618500FA840A /* Release */,
			);
			defaultConfigurationIsVisible = 0;
		};
/* End XCConfigurationList section */
	};
	rootObject = 3EAF98661E52618500FA840A /* Project object */;
}
